// !$*UTF8*$!
{
	archiveVersion = 1;
	classes = {
	};
	objectVersion = 50;
	objects = {

/* Begin PBXBuildFile section */
		FFB9E6A620DD6FFB00FE7426 /* AppDelegate.m in Sources */ = {isa = PBXBuildFile; fileRef = FFB9E6A520DD6FFB00FE7426 /* AppDelegate.m */; };
		FFB9E6A920DD6FFB00FE7426 /* ViewController.m in Sources */ = {isa = PBXBuildFile; fileRef = FFB9E6A820DD6FFB00FE7426 /* ViewController.m */; };
		FFB9E6AC20DD6FFB00FE7426 /* Main.storyboard in Resources */ = {isa = PBXBuildFile; fileRef = FFB9E6AA20DD6FFB00FE7426 /* Main.storyboard */; };
		FFB9E6AE20DD6FFD00FE7426 /* Assets.xcassets in Resources */ = {isa = PBXBuildFile; fileRef = FFB9E6AD20DD6FFD00FE7426 /* Assets.xcassets */; };
		FFB9E6B120DD6FFD00FE7426 /* LaunchScreen.storyboard in Resources */ = {isa = PBXBuildFile; fileRef = FFB9E6AF20DD6FFD00FE7426 /* LaunchScreen.storyboard */; };
		FFB9E6B420DD6FFD00FE7426 /* main.m in Sources */ = {isa = PBXBuildFile; fileRef = FFB9E6B320DD6FFD00FE7426 /* main.m */; };
/* End PBXBuildFile section */

/* Begin PBXFileReference section */
		FFB9E6A120DD6FFB00FE7426 /* WeatherApp-v04.app */ = {isa = PBXFileReference; explicitFileType = wrapper.application; includeInIndex = 0; path = "WeatherApp-v04.app"; sourceTree = BUILT_PRODUCTS_DIR; };
		FFB9E6A420DD6FFB00FE7426 /* AppDelegate.h */ = {isa = PBXFileReference; lastKnownFileType = sourcecode.c.h; path = AppDelegate.h; sourceTree = "<group>"; };
		FFB9E6A520DD6FFB00FE7426 /* AppDelegate.m */ = {isa = PBXFileReference; lastKnownFileType = sourcecode.c.objc; path = AppDelegate.m; sourceTree = "<group>"; };
		FFB9E6A720DD6FFB00FE7426 /* ViewController.h */ = {isa = PBXFileReference; lastKnownFileType = sourcecode.c.h; path = ViewController.h; sourceTree = "<group>"; };
		FFB9E6A820DD6FFB00FE7426 /* ViewController.m */ = {isa = PBXFileReference; lastKnownFileType = sourcecode.c.objc; path = ViewController.m; sourceTree = "<group>"; };
		FFB9E6AB20DD6FFB00FE7426 /* Base */ = {isa = PBXFileReference; lastKnownFileType = file.storyboard; name = Base; path = Base.lproj/Main.storyboard; sourceTree = "<group>"; };
		FFB9E6AD20DD6FFD00FE7426 /* Assets.xcassets */ = {isa = PBXFileReference; lastKnownFileType = folder.assetcatalog; path = Assets.xcassets; sourceTree = "<group>"; };
		FFB9E6B020DD6FFD00FE7426 /* Base */ = {isa = PBXFileReference; lastKnownFileType = file.storyboard; name = Base; path = Base.lproj/LaunchScreen.storyboard; sourceTree = "<group>"; };
		FFB9E6B220DD6FFD00FE7426 /* Info.plist */ = {isa = PBXFileReference; lastKnownFileType = text.plist.xml; path = Info.plist; sourceTree = "<group>"; };
		FFB9E6B320DD6FFD00FE7426 /* main.m */ = {isa = PBXFileReference; lastKnownFileType = sourcecode.c.objc; path = main.m; sourceTree = "<group>"; };
/* End PBXFileReference section */

/* Begin PBXFrameworksBuildPhase section */
		FFB9E69E20DD6FFB00FE7426 /* Frameworks */ = {
			isa = PBXFrameworksBuildPhase;
			buildActionMask = 2147483647;
			files = (
			);
			runOnlyForDeploymentPostprocessing = 0;
		};
/* End PBXFrameworksBuildPhase section */

/* Begin PBXGroup section */
		FFB9E69820DD6FFB00FE7426 = {
			isa = PBXGroup;
			children = (
				FFB9E6A320DD6FFB00FE7426 /* WeatherApp-v04 */,
				FFB9E6A220DD6FFB00FE7426 /* Products */,
			);
			sourceTree = "<group>";
		};
		FFB9E6A220DD6FFB00FE7426 /* Products */ = {
			isa = PBXGroup;
			children = (
				FFB9E6A120DD6FFB00FE7426 /* WeatherApp-v04.app */,
			);
			name = Products;
			sourceTree = "<group>";
		};
		FFB9E6A320DD6FFB00FE7426 /* WeatherApp-v04 */ = {
			isa = PBXGroup;
			children = (
				FFB9E6A420DD6FFB00FE7426 /* AppDelegate.h */,
				FFB9E6A520DD6FFB00FE7426 /* AppDelegate.m */,
				FFB9E6A720DD6FFB00FE7426 /* ViewController.h */,
				FFB9E6A820DD6FFB00FE7426 /* ViewController.m */,
				FFB9E6AA20DD6FFB00FE7426 /* Main.storyboard */,
				FFB9E6AD20DD6FFD00FE7426 /* Assets.xcassets */,
				FFB9E6AF20DD6FFD00FE7426 /* LaunchScreen.storyboard */,
				FFB9E6B220DD6FFD00FE7426 /* Info.plist */,
				FFB9E6B320DD6FFD00FE7426 /* main.m */,
			);
			path = "WeatherApp-v04";
			sourceTree = "<group>";
		};
/* End PBXGroup section */

/* Begin PBXNativeTarget section */
		FFB9E6A020DD6FFB00FE7426 /* WeatherApp-v04 */ = {
			isa = PBXNativeTarget;
			buildConfigurationList = FFB9E6B720DD6FFD00FE7426 /* Build configuration list for PBXNativeTarget "WeatherApp-v04" */;
			buildPhases = (
				FFB9E69D20DD6FFB00FE7426 /* Sources */,
				FFB9E69E20DD6FFB00FE7426 /* Frameworks */,
				FFB9E69F20DD6FFB00FE7426 /* Resources */,
			);
			buildRules = (
			);
			dependencies = (
			);
			name = "WeatherApp-v04";
			productName = "WeatherApp-v04";
			productReference = FFB9E6A120DD6FFB00FE7426 /* WeatherApp-v04.app */;
			productType = "com.apple.product-type.application";
		};
/* End PBXNativeTarget section */

/* Begin PBXProject section */
		FFB9E69920DD6FFB00FE7426 /* Project object */ = {
			isa = PBXProject;
			attributes = {
				LastUpgradeCheck = 0930;
				ORGANIZATIONNAME = "Preeti Powar";
				TargetAttributes = {
					FFB9E6A020DD6FFB00FE7426 = {
						CreatedOnToolsVersion = 9.3;
					};
				};
			};
			buildConfigurationList = FFB9E69C20DD6FFB00FE7426 /* Build configuration list for PBXProject "WeatherApp-v04" */;
			compatibilityVersion = "Xcode 9.3";
			developmentRegion = en;
			hasScannedForEncodings = 0;
			knownRegions = (
				en,
				Base,
			);
			mainGroup = FFB9E69820DD6FFB00FE7426;
			productRefGroup = FFB9E6A220DD6FFB00FE7426 /* Products */;
			projectDirPath = "";
			projectRoot = "";
			targets = (
				FFB9E6A020DD6FFB00FE7426 /* WeatherApp-v04 */,
			);
		};
/* End PBXProject section */

/* Begin PBXResourcesBuildPhase section */
		FFB9E69F20DD6FFB00FE7426 /* Resources */ = {
			isa = PBXResourcesBuildPhase;
			buildActionMask = 2147483647;
			files = (
				FFB9E6B120DD6FFD00FE7426 /* LaunchScreen.storyboard in Resources */,
				FFB9E6AE20DD6FFD00FE7426 /* Assets.xcassets in Resources */,
				FFB9E6AC20DD6FFB00FE7426 /* Main.storyboard in Resources */,
			);
			runOnlyForDeploymentPostprocessing = 0;
		};
/* End PBXResourcesBuildPhase section */

/* Begin PBXSourcesBuildPhase section */
		FFB9E69D20DD6FFB00FE7426 /* Sources */ = {
			isa = PBXSourcesBuildPhase;
			buildActionMask = 2147483647;
			files = (
				FFB9E6A920DD6FFB00FE7426 /* ViewController.m in Sources */,
				FFB9E6B420DD6FFD00FE7426 /* main.m in Sources */,
				FFB9E6A620DD6FFB00FE7426 /* AppDelegate.m in Sources */,
			);
			runOnlyForDeploymentPostprocessing = 0;
		};
/* End PBXSourcesBuildPhase section */

/* Begin PBXVariantGroup section */
		FFB9E6AA20DD6FFB00FE7426 /* Main.storyboard */ = {
			isa = PBXVariantGroup;
			children = (
				FFB9E6AB20DD6FFB00FE7426 /* Base */,
			);
			name = Main.storyboard;
			sourceTree = "<group>";
		};
		FFB9E6AF20DD6FFD00FE7426 /* LaunchScreen.storyboard */ = {
			isa = PBXVariantGroup;
			children = (
				FFB9E6B020DD6FFD00FE7426 /* Base */,
			);
			name = LaunchScreen.storyboard;
			sourceTree = "<group>";
		};
/* End PBXVariantGroup section */

/* Begin XCBuildConfiguration section */
		FFB9E6B520DD6FFD00FE7426 /* Debug */ = {
			isa = XCBuildConfiguration;
			buildSettings = {
				ALWAYS_SEARCH_USER_PATHS = NO;
				CLANG_ANALYZER_NONNULL = YES;
				CLANG_ANALYZER_NUMBER_OBJECT_CONVERSION = YES_AGGRESSIVE;
				CLANG_CXX_LANGUAGE_STANDARD = "gnu++14";
				CLANG_CXX_LIBRARY = "libc++";
				CLANG_ENABLE_MODULES = YES;
				CLANG_ENABLE_OBJC_ARC = YES;
				CLANG_ENABLE_OBJC_WEAK = YES;
				CLANG_WARN_BLOCK_CAPTURE_AUTORELEASING = YES;
				CLANG_WARN_BOOL_CONVERSION = YES;
				CLANG_WARN_COMMA = YES;
				CLANG_WARN_CONSTANT_CONVERSION = YES;
				CLANG_WARN_DEPRECATED_OBJC_IMPLEMENTATIONS = YES;
				CLANG_WARN_DIRECT_OBJC_ISA_USAGE = YES_ERROR;
				CLANG_WARN_DOCUMENTATION_COMMENTS = YES;
				CLANG_WARN_EMPTY_BODY = YES;
				CLANG_WARN_ENUM_CONVERSION = YES;
				CLANG_WARN_INFINITE_RECURSION = YES;
				CLANG_WARN_INT_CONVERSION = YES;
				CLANG_WARN_NON_LITERAL_NULL_CONVERSION = YES;
				CLANG_WARN_OBJC_IMPLICIT_RETAIN_SELF = YES;
				CLANG_WARN_OBJC_LITERAL_CONVERSION = YES;
				CLANG_WARN_OBJC_ROOT_CLASS = YES_ERROR;
				CLANG_WARN_RANGE_LOOP_ANALYSIS = YES;
				CLANG_WARN_STRICT_PROTOTYPES = YES;
				CLANG_WARN_SUSPICIOUS_MOVE = YES;
				CLANG_WARN_UNGUARDED_AVAILABILITY = YES_AGGRESSIVE;
				CLANG_WARN_UNREACHABLE_CODE = YES;
				CLANG_WARN__DUPLICATE_METHOD_MATCH = YES;
				CODE_SIGN_IDENTITY = "iPhone Developer";
				COPY_PHASE_STRIP = NO;
				DEBUG_INFORMATION_FORMAT = dwarf;
				ENABLE_STRICT_OBJC_MSGSEND = YES;
				ENABLE_TESTABILITY = YES;
				GCC_C_LANGUAGE_STANDARD = gnu11;
				GCC_DYNAMIC_NO_PIC = NO;
				GCC_NO_COMMON_BLOCKS = YES;
				GCC_OPTIMIZATION_LEVEL = 0;
				GCC_PREPROCESSOR_DEFINITIONS = (
					"DEBUG=1",
					"$(inherited)",
				);
				GCC_WARN_64_TO_32_BIT_CONVERSION = YES;
				GCC_WARN_ABOUT_RETURN_TYPE = YES_ERROR;
				GCC_WARN_UNDECLARED_SELECTOR = YES;
				GCC_WARN_UNINITIALIZED_AUTOS = YES_AGGRESSIVE;
				GCC_WARN_UNUSED_FUNCTION = YES;
				GCC_WARN_UNUSED_VARIABLE = YES;
				IPHONEOS_DEPLOYMENT_TARGET = 11.3;
				MTL_ENABLE_DEBUG_INFO = YES;
				ONLY_ACTIVE_ARCH = YES;
				SDKROOT = iphoneos;
			};
			name = Debug;
		};
		FFB9E6B620DD6FFD00FE7426 /* Release */ = {
			isa = XCBuildConfiguration;
			buildSettings = {
				ALWAYS_SEARCH_USER_PATHS = NO;
				CLANG_ANALYZER_NONNULL = YES;
				CLANG_ANALYZER_NUMBER_OBJECT_CONVERSION = YES_AGGRESSIVE;
				CLANG_CXX_LANGUAGE_STANDARD = "gnu++14";
				CLANG_CXX_LIBRARY = "libc++";
				CLANG_ENABLE_MODULES = YES;
				CLANG_ENABLE_OBJC_ARC = YES;
				CLANG_ENABLE_OBJC_WEAK = YES;
				CLANG_WARN_BLOCK_CAPTURE_AUTORELEASING = YES;
				CLANG_WARN_BOOL_CONVERSION = YES;
				CLANG_WARN_COMMA = YES;
				CLANG_WARN_CONSTANT_CONVERSION = YES;
				CLANG_WARN_DEPRECATED_OBJC_IMPLEMENTATIONS = YES;
				CLANG_WARN_DIRECT_OBJC_ISA_USAGE = YES_ERROR;
				CLANG_WARN_DOCUMENTATION_COMMENTS = YES;
				CLANG_WARN_EMPTY_BODY = YES;
				CLANG_WARN_ENUM_CONVERSION = YES;
				CLANG_WARN_INFINITE_RECURSION = YES;
				CLANG_WARN_INT_CONVERSION = YES;
				CLANG_WARN_NON_LITERAL_NULL_CONVERSION = YES;
				CLANG_WARN_OBJC_IMPLICIT_RETAIN_SELF = YES;
				CLANG_WARN_OBJC_LITERAL_CONVERSION = YES;
				CLANG_WARN_OBJC_ROOT_CLASS = YES_ERROR;
				CLANG_WARN_RANGE_LOOP_ANALYSIS = YES;
				CLANG_WARN_STRICT_PROTOTYPES = YES;
				CLANG_WARN_SUSPICIOUS_MOVE = YES;
				CLANG_WARN_UNGUARDED_AVAILABILITY = YES_AGGRESSIVE;
				CLANG_WARN_UNREACHABLE_CODE = YES;
				CLANG_WARN__DUPLICATE_METHOD_MATCH = YES;
				CODE_SIGN_IDENTITY = "iPhone Developer";
				COPY_PHASE_STRIP = NO;
				DEBUG_INFORMATION_FORMAT = "dwarf-with-dsym";
				ENABLE_NS_ASSERTIONS = NO;
				ENABLE_STRICT_OBJC_MSGSEND = YES;
				GCC_C_LANGUAGE_STANDARD = gnu11;
				GCC_NO_COMMON_BLOCKS = YES;
				GCC_WARN_64_TO_32_BIT_CONVERSION = YES;
				GCC_WARN_ABOUT_RETURN_TYPE = YES_ERROR;
				GCC_WARN_UNDECLARED_SELECTOR = YES;
				GCC_WARN_UNINITIALIZED_AUTOS = YES_AGGRESSIVE;
				GCC_WARN_UNUSED_FUNCTION = YES;
				GCC_WARN_UNUSED_VARIABLE = YES;
				IPHONEOS_DEPLOYMENT_TARGET = 11.3;
				MTL_ENABLE_DEBUG_INFO = NO;
				SDKROOT = iphoneos;
				VALIDATE_PRODUCT = YES;
			};
			name = Release;
		};
		FFB9E6B820DD6FFD00FE7426 /* Debug */ = {
			isa = XCBuildConfiguration;
			buildSettings = {
				ASSETCATALOG_COMPILER_APPICON_NAME = AppIcon;
				CODE_SIGN_STYLE = Automatic;
				DEVELOPMENT_TEAM = F22B8DA7UL;
				INFOPLIST_FILE = "WeatherApp-v04/Info.plist";
				LD_RUNPATH_SEARCH_PATHS = (
					"$(inherited)",
					"@executable_path/Frameworks",
				);
				PRODUCT_BUNDLE_IDENTIFIER = "com.preeti.WeatherApp-v04";
				PRODUCT_NAME = "$(TARGET_NAME)";
				TARGETED_DEVICE_FAMILY = "1,2";
			};
			name = Debug;
		};
		FFB9E6B920DD6FFD00FE7426 /* Release */ = {
			isa = XCBuildConfiguration;
			buildSettings = {
				ASSETCATALOG_COMPILER_APPICON_NAME = AppIcon;
				CODE_SIGN_STYLE = Automatic;
				DEVELOPMENT_TEAM = F22B8DA7UL;
				INFOPLIST_FILE = "WeatherApp-v04/Info.plist";
				LD_RUNPATH_SEARCH_PATHS = (
					"$(inherited)",
					"@executable_path/Frameworks",
				);
				PRODUCT_BUNDLE_IDENTIFIER = "com.preeti.WeatherApp-v04";
				PRODUCT_NAME = "$(TARGET_NAME)";
				TARGETED_DEVICE_FAMILY = "1,2";
			};
			name = Release;
		};
/* End XCBuildConfiguration section */

/* Begin XCConfigurationList section */
		FFB9E69C20DD6FFB00FE7426 /* Build configuration list for PBXProject "WeatherApp-v04" */ = {
			isa = XCConfigurationList;
			buildConfigurations = (
				FFB9E6B520DD6FFD00FE7426 /* Debug */,
				FFB9E6B620DD6FFD00FE7426 /* Release */,
			);
			defaultConfigurationIsVisible = 0;
			defaultConfigurationName = Release;
		};
		FFB9E6B720DD6FFD00FE7426 /* Build configuration list for PBXNativeTarget "WeatherApp-v04" */ = {
			isa = XCConfigurationList;
			buildConfigurations = (
				FFB9E6B820DD6FFD00FE7426 /* Debug */,
				FFB9E6B920DD6FFD00FE7426 /* Release */,
			);
			defaultConfigurationIsVisible = 0;
			defaultConfigurationName = Release;
		};
/* End XCConfigurationList section */
	};
	rootObject = FFB9E69920DD6FFB00FE7426 /* Project object */;
}
